<?xml version="1.0" encoding="utf-8"?>
<Project ToolsVersion="4.0" xmlns="http://schemas.microsoft.com/developer/msbuild/2003">
  <ItemGroup>
    <Filter Include="源文件">
      <UniqueIdentifier>{4FC737F1-C7A5-4376-A066-2A32D752A2FF}</UniqueIdentifier>
      <Extensions>cpp;c;cc;cxx;def;odl;idl;hpj;bat;asm;asmx</Extensions>
    </Filter>
    <Filter Include="头文件">
      <UniqueIdentifier>{93995380-89BD-4b04-88EB-625FBE52EBFB}</UniqueIdentifier>
      <Extensions>h;hh;hpp;hxx;hm;inl;inc;xsd</Extensions>
    </Filter>
    <Filter Include="资源文件">
      <UniqueIdentifier>{67DA6AB6-F800-4c08-8B7A-83BB121AAD01}</UniqueIdentifier>
      <Extensions>rc;ico;cur;bmp;dlg;rc2;rct;bin;rgs;gif;jpg;jpeg;jpe;resx;tiff;tif;png;wav;mfcribbon-ms</Extensions>
    </Filter>
    <Filter Include="类的初始化问题">
      <UniqueIdentifier>{b0a71951-2032-46fa-8b16-0d81e38c526f}</UniqueIdentifier>
    </Filter>
    <Filter Include="类的关键字问题">
      <UniqueIdentifier>{9777d272-7495-4668-89f9-ed3e3a7545ef}</UniqueIdentifier>
    </Filter>
    <Filter Include="类构造函数">
      <UniqueIdentifier>{b64b6ff6-b96f-4485-a00c-941c2ef92826}</UniqueIdentifier>
    </Filter>
  </ItemGroup>
  <ItemGroup>
    <ClCompile Include="main.cpp">
      <Filter>源文件</Filter>
    </ClCompile>
  </ItemGroup>
  <ItemGroup>
    <ClInclude Include="class_init.h">
      <Filter>类的初始化问题</Filter>
    </ClInclude>
    <ClInclude Include="classKeyword.h">
      <Filter>类的关键字问题</Filter>
    </ClInclude>
    <ClInclude Include="classconstructor.h">
      <Filter>类构造函数</Filter>
    </ClInclude>
  </ItemGroup>
</Project>